{
  "requires": true,
  "lockfileVersion": 1,
  "dependencies": {
    "@types/async": {
      "version": "3.2.6",
      "resolved": "https://registry.npmjs.org/@types/async/-/async-3.2.6.tgz",
      "integrity": "sha512-ZkrXnZLC1mc4b9QLKaSrsxV4oxTRs10OI2kgSApT8G0v1jrmqppSHUVQ15kLorzsFBTjvf7OKF4kAibuuNQ+xA==",
      "dev": true
    },
    "@types/body-parser": {
      "version": "1.19.0",
      "resolved": "https://registry.npmjs.org/@types/body-parser/-/body-parser-1.19.0.tgz",
      "integrity": "sha512-W98JrE0j2K78swW4ukqMleo8R7h/pFETjM2DQ90MF6XK2i4LO4W3gQ71Lt4w3bfm2EvVSyWHplECvB5sK22yFQ==",
      "dev": true,
      "requires": {
        "@types/connect": "*",
        "@types/node": "*"
      }
    },
    "@types/connect": {
      "version": "3.4.34",
      "resolved": "https://registry.npmjs.org/@types/connect/-/connect-3.4.34.tgz",
      "integrity": "sha512-ePPA/JuI+X0vb+gSWlPKOY0NdNAie/rPUqX2GUPpbZwiKTkSPhjXWuee47E4MtE54QVzGCQMQkAL6JhV2E1+cQ==",
      "dev": true,
      "requires": {
        "@types/node": "*"
      }
    },
    "@types/debug": {
      "version": "4.1.5",
      "resolved": "https://registry.npmjs.org/@types/debug/-/debug-4.1.5.tgz",
      "integrity": "sha512-Q1y515GcOdTHgagaVFhHnIFQ38ygs/kmxdNpvpou+raI9UO3YZcHDngBSYKQklcKlvA7iuQlmIKbzvmxcOE9CQ==",
      "dev": true
    },
    "@types/depd": {
      "version": "1.1.32",
      "resolved": "https://registry.npmjs.org/@types/depd/-/depd-1.1.32.tgz",
      "integrity": "sha512-kB2cpXs3A0TGWl4a4h74yIwvclYZUTW6Irpee/3Dc1s4Cr5rGPHtpGPpBBpEV1MaKH5z/oul+57oDkEkeRXRnw==",
      "dev": true,
      "requires": {
        "@types/node": "*"
      }
    },
    "@types/destroy": {
      "version": "1.0.0",
      "resolved": "https://registry.npmjs.org/@types/destroy/-/destroy-1.0.0.tgz",
      "integrity": "sha512-nE3ePJLWPRu/qFHN8mj3fWnkr9K9ezwoiG4yOis2DuLeAawlnOOT/pM29JQkityrwfEvkblU5O9iS1bsiMqtDw==",
      "dev": true,
      "requires": {
        "@types/node": "*"
      }
    },
    "@types/ejs": {
      "version": "3.0.6",
      "resolved": "https://registry.npmjs.org/@types/ejs/-/ejs-3.0.6.tgz",
      "integrity": "sha512-fj1hi+ZSW0xPLrJJD+YNwIh9GZbyaIepG26E/gXvp8nCa2pYokxUYO1sK9qjGxp2g8ryZYuon7wmjpwE2cyASQ==",
      "dev": true
    },
    "@types/encodeurl": {
      "version": "1.0.0",
      "resolved": "https://registry.npmjs.org/@types/encodeurl/-/encodeurl-1.0.0.tgz",
      "integrity": "sha512-iO2Q6xQOJ5DtOB6wJ2KIetFq9JRTbpzcKTe2aS6CCsa+W9KNWX2yXx9KeB5sY/nBfAWN43LkPg6SFB+ldsW9ZA==",
      "dev": true
    },
    "@types/escape-html": {
      "version": "1.0.0",
      "resolved": "https://registry.npmjs.org/@types/escape-html/-/escape-html-1.0.0.tgz",
      "integrity": "sha512-Ehe6irbxo5BSYwG03buglLJCmy3JqqtC69UvopsBWYf4hDa+ZODJ7BuZU6y+YE4U6MaoSruTxM2+uePfAHts9Q==",
      "dev": true
    },
    "@types/etag": {
      "version": "1.8.0",
      "resolved": "https://registry.npmjs.org/@types/etag/-/etag-1.8.0.tgz",
      "integrity": "sha512-EdSN0x+Y0/lBv7YAb8IU4Jgm6DWM+Bqtz7o5qozl96fzaqdqbdfHS5qjdpFeIv7xQ8jSLyjMMNShgYtMajEHyQ==",
      "dev": true,
      "requires": {
        "@types/node": "*"
      }
    },
    "@types/express": {
      "version": "4.17.11",
      "resolved": "https://registry.npmjs.org/@types/express/-/express-4.17.11.tgz",
      "integrity": "sha512-no+R6rW60JEc59977wIxreQVsIEOAYwgCqldrA/vkpCnbD7MqTefO97lmoBe4WE0F156bC4uLSP1XHDOySnChg==",
      "dev": true,
      "requires": {
        "@types/body-parser": "*",
        "@types/express-serve-static-core": "^4.17.18",
        "@types/qs": "*",
        "@types/serve-static": "*"
      }
    },
    "@types/express-serve-static-core": {
      "version": "4.17.19",
      "resolved": "https://registry.npmjs.org/@types/express-serve-static-core/-/express-serve-static-core-4.17.19.tgz",
      "integrity": "sha512-DJOSHzX7pCiSElWaGR8kCprwibCB/3yW6vcT8VG3P0SJjnv19gnWG/AZMfM60Xj/YJIp/YCaDHyvzsFVeniARA==",
      "dev": true,
      "requires": {
        "@types/node": "*",
        "@types/qs": "*",
        "@types/range-parser": "*"
      }
    },
    "@types/express-session": {
      "version": "1.17.3",
      "resolved": "https://registry.npmjs.org/@types/express-session/-/express-session-1.17.3.tgz",
      "integrity": "sha512-57DnyxiqClXOIjoCgeKCUYfKxBPOlOY/k+l1TPK+7bSwyiPTrS5FIk1Ycql7twk4wO7P5lfOVy6akDGiaMSLfw==",
      "dev": true,
      "requires": {
        "@types/express": "*"
      }
    },
    "@types/fresh": {
      "version": "0.5.0",
      "resolved": "https://registry.npmjs.org/@types/fresh/-/fresh-0.5.0.tgz",
      "integrity": "sha512-eGPzuyc6wZM3sSHJdF7NM2jW6B/xsB014Rqg/iDa6xY02mlfy1w/TE2sYhR8vbHxkzJOXiGo6NuIk3xk35vsgQ==",
      "dev": true
    },
    "@types/http-errors": {
      "version": "1.8.0",
      "resolved": "https://registry.npmjs.org/@types/http-errors/-/http-errors-1.8.0.tgz",
      "integrity": "sha512-2aoSC4UUbHDj2uCsCxcG/vRMXey/m17bC7UwitVm5hn22nI8O8Y9iDpA76Orc+DWkQ4zZrOKEshCqR/jSuXAHA==",
      "dev": true
    },
    "@types/merge-descriptors": {
      "version": "1.0.1",
      "resolved": "https://registry.npmjs.org/@types/merge-descriptors/-/merge-descriptors-1.0.1.tgz",
      "integrity": "sha512-dvY3+KXKTXn7sD9bFQsaPcw3FN9ljk82YDUDl7O2FsBVBhiN7Ya216aYUqUvlRdbL/lvW90SYAUJZ1fFnmtMUQ==",
      "dev": true
    },
    "@types/mime": {
      "version": "2.0.3",
      "resolved": "https://registry.npmjs.org/@types/mime/-/mime-2.0.3.tgz",
      "integrity": "sha512-Jus9s4CDbqwocc5pOAnh8ShfrnMcPHuJYzVcSUU7lrh8Ni5HuIqX3oilL86p3dlTrk0LzHRCgA/GQ7uNCw6l2Q==",
      "dev": true
    },
    "@types/ms": {
      "version": "0.7.31",
      "resolved": "https://registry.npmjs.org/@types/ms/-/ms-0.7.31.tgz",
      "integrity": "sha512-iiUgKzV9AuaEkZqkOLDIvlQiL6ltuZd9tGcW3gwpnX8JbuiuhFlEGmmFXEXkN50Cvq7Os88IY2v0dkDqXYWVgA==",
      "dev": true
    },
    "@types/mysql": {
      "version": "2.15.18",
      "resolved": "https://registry.npmjs.org/@types/mysql/-/mysql-2.15.18.tgz",
      "integrity": "sha512-JW74Nh3P/RDAnaP8uXe1qmRpoFBO84SiWvWoSju/F5+2S1kVBi1FbbDoqK/sTZrCCxySaOJnRATvWD+bLcJjAg==",
      "dev": true,
      "requires": {
        "@types/node": "*"
      }
    },
    "@types/node": {
      "version": "14.14.41",
      "resolved": "https://registry.npmjs.org/@types/node/-/node-14.14.41.tgz",
      "integrity": "sha512-dueRKfaJL4RTtSa7bWeTK1M+VH+Gns73oCgzvYfHZywRCoPSd8EkXBL0mZ9unPTveBn+D9phZBaxuzpwjWkW0g==",
      "dev": true
    },
    "@types/on-finished": {
      "version": "2.3.1",
      "resolved": "https://registry.npmjs.org/@types/on-finished/-/on-finished-2.3.1.tgz",
      "integrity": "sha512-mzVYaYcFs5Jd2n/O6uYIRUsFRR1cHyZLRvkLCU0E7+G5WhY0qBDAR5fUCeZbvecYOSh9ikhlesyi2UfI8B9ckQ==",
      "dev": true,
      "requires": {
        "@types/node": "*"
      }
    },
    "@types/parseurl": {
      "version": "1.3.1",
      "resolved": "https://registry.npmjs.org/@types/parseurl/-/parseurl-1.3.1.tgz",
      "integrity": "sha1-48sRAhYOSO+ln0l8TsIt7k87Wyc=",
      "dev": true,
      "requires": {
        "@types/node": "*"
      }
    },
    "@types/qs": {
      "version": "6.9.6",
      "resolved": "https://registry.npmjs.org/@types/qs/-/qs-6.9.6.tgz",
      "integrity": "sha512-0/HnwIfW4ki2D8L8c9GVcG5I72s9jP5GSLVF0VIXDW00kmIpA6O33G7a8n59Tmh7Nz0WUC3rSb7PTY/sdW2JzA==",
      "dev": true
    },
    "@types/range-parser": {
      "version": "1.2.3",
      "resolved": "https://registry.npmjs.org/@types/range-parser/-/range-parser-1.2.3.tgz",
      "integrity": "sha512-ewFXqrQHlFsgc09MK5jP5iR7vumV/BYayNC6PgJO2LPe8vrnNFyjQjSppfEngITi0qvfKtzFvgKymGheFM9UOA==",
      "dev": true
    },
    "@types/send": {
      "version": "0.14.7",
      "resolved": "https://registry.npmjs.org/@types/send/-/send-0.14.7.tgz",
      "integrity": "sha512-WCUMbzWW1sTEZX31cRMcBxflUXX/JmAYejhjxXtrLGn+vd/yyFjHh/F9FIigAEjE2LauhfH94BT7NJj9Ru2Wlg==",
      "dev": true,
      "requires": {
        "@types/mime": "^1",
        "@types/node": "*"
      },
      "dependencies": {
        "@types/mime": {
          "version": "1.3.2",
          "resolved": "https://registry.npmjs.org/@types/mime/-/mime-1.3.2.tgz",
          "integrity": "sha512-YATxVxgRqNH6nHEIsvg6k2Boc1JHI9ZbH5iWFFv/MTkchz3b1ieGDa5T0a9RznNdI0KhVbdbWSN+KWWrQZRxTw==",
          "dev": true
        }
      }
    },
    "@types/serve-static": {
      "version": "1.13.9",
      "resolved": "https://registry.npmjs.org/@types/serve-static/-/serve-static-1.13.9.tgz",
      "integrity": "sha512-ZFqF6qa48XsPdjXV5Gsz0Zqmux2PerNd3a/ktL45mHpa19cuMi/cL8tcxdAx497yRh+QtYPuofjT9oWw9P7nkA==",
      "dev": true,
      "requires": {
        "@types/mime": "^1",
        "@types/node": "*"
      },
      "dependencies": {
        "@types/mime": {
          "version": "1.3.2",
          "resolved": "https://registry.npmjs.org/@types/mime/-/mime-1.3.2.tgz",
          "integrity": "sha512-YATxVxgRqNH6nHEIsvg6k2Boc1JHI9ZbH5iWFFv/MTkchz3b1ieGDa5T0a9RznNdI0KhVbdbWSN+KWWrQZRxTw==",
          "dev": true
        }
      }
    },
    "@types/sqlstring": {
      "version": "2.3.0",
      "resolved": "https://registry.npmjs.org/@types/sqlstring/-/sqlstring-2.3.0.tgz",
      "integrity": "sha512-kMFecDYYFk/f5fljO0UFrSPwU1JxY4mIjX6ic7MHv5nD6sEd3NYLoWcOV/3s6Drs7RHdCwTQdD5NdgVl0I2zzg==",
      "dev": true
    },
    "@types/statuses": {
      "version": "2.0.0",
      "resolved": "https://registry.npmjs.org/@types/statuses/-/statuses-2.0.0.tgz",
      "integrity": "sha512-V4dX/J9hyQ8hq2hztP+8xB1girGot5ltjtmxaJusf6AGyxi2RvWJrpWj4/DxF0/GFNOkswUVnbkGXKaaY9juQQ==",
      "dev": true
    },
    "types-registry": {
      "version": "0.1.537",
      "resolved": "https://registry.npmjs.org/types-registry/-/types-registry-0.1.537.tgz",
      "integrity": "sha512-OSeJgkEWiEMqN/uC8vmh7YbbMItKNq9vLgvUQ52ogNZrM954eK8GsgdCnrh4RmNl0leBVXgRRGpLm1fJGs59aA=="
    }
  }
}
